
Microsoft Visual Studio Solution File, Format Version 12.00
# Visual Studio Version 16
VisualStudioVersion = 16.0.30717.126
MinimumVisualStudioVersion = 10.0.40219.1
Project("{8BC9CEB8-8B4A-11D0-8D11-00A0C91BC942}") = "cpp_training", "cpp_training\cpp_training.vcxproj", "{D626C335-C667-4CC6-B5CB-839CAA56396F}"
EndProject
Global
	GlobalSection(SolutionConfigurationPlatforms) = preSolution
		Debug|x64 = Debug|x64
		Debug|x86 = Debug|x86
		Release|x64 = Release|x64
		Release|x86 = Release|x86
	EndGlobalSection
	GlobalSection(ProjectConfigurationPlatforms) = postSolution
		{D626C335-C667-4CC6-B5CB-839CAA56396F}.Debug|x64.ActiveCfg = Debug|x64
		{D626C335-C667-4CC6-B5CB-839CAA56396F}.Debug|x64.Build.0 = Debug|x64
		{D626C335-C667-4CC6-B5CB-839CAA56396F}.Debug|x86.ActiveCfg = Debug|Win32
		{D626C335-C667-4CC6-B5CB-839CAA56396F}.Debug|x86.Build.0 = Debug|Win32
		{D626C335-C667-4CC6-B5CB-839CAA56396F}.Release|x64.ActiveCfg = Release|x64
		{D626C335-C667-4CC6-B5CB-839CAA56396F}.Release|x64.Build.0 = Release|x64
		{D626C335-C667-4CC6-B5CB-839CAA56396F}.Release|x86.ActiveCfg = Release|Win32
		{D626C335-C667-4CC6-B5CB-839CAA56396F}.Release|x86.Build.0 = Release|Win32
	EndGlobalSection
	GlobalSection(SolutionProperties) = preSolution
		HideSolutionNode = FALSE
	EndGlobalSection
	GlobalSection(ExtensibilityGlobals) = postSolution
		SolutionGuid = {23EE5F89-E916-4EF1-9810-0E7BB315E118}
	EndGlobalSection
EndGlobal
